
Microsoft Visual Studio Solution File, Format Version 12.00
# Visual Studio Version 16
VisualStudioVersion = 16.0.30611.23
MinimumVisualStudioVersion = 10.0.40219.1
Project("{8BC9CEB8-8B4A-11D0-8D11-00A0C91BC942}") = "lab10", "lab10\lab10.vcxproj", "{D71B3321-7AB4-4658-85D3-916913B1B734}"
EndProject
Global
	GlobalSection(SolutionConfigurationPlatforms) = preSolution
		Debug|x64 = Debug|x64
		Debug|x86 = Debug|x86
		Release|x64 = Release|x64
		Release|x86 = Release|x86
	EndGlobalSection
	GlobalSection(ProjectConfigurationPlatforms) = postSolution
		{D71B3321-7AB4-4658-85D3-916913B1B734}.Debug|x64.ActiveCfg = Debug|x64
		{D71B3321-7AB4-4658-85D3-916913B1B734}.Debug|x64.Build.0 = Debug|x64
		{D71B3321-7AB4-4658-85D3-916913B1B734}.Debug|x86.ActiveCfg = Debug|Win32
		{D71B3321-7AB4-4658-85D3-916913B1B734}.Debug|x86.Build.0 = Debug|Win32
		{D71B3321-7AB4-4658-85D3-916913B1B734}.Release|x64.ActiveCfg = Release|x64
		{D71B3321-7AB4-4658-85D3-916913B1B734}.Release|x64.Build.0 = Release|x64
		{D71B3321-7AB4-4658-85D3-916913B1B734}.Release|x86.ActiveCfg = Release|Win32
		{D71B3321-7AB4-4658-85D3-916913B1B734}.Release|x86.Build.0 = Release|Win32
	EndGlobalSection
	GlobalSection(SolutionProperties) = preSolution
		HideSolutionNode = FALSE
	EndGlobalSection
	GlobalSection(ExtensibilityGlobals) = postSolution
		SolutionGuid = {2F0FC99D-3E48-4AB4-BF9E-C3B963C5A1AD}
	EndGlobalSection
EndGlobal
